# This file is automatically @generated by Cargo.
# It is not intended for manual editing.
version = 4

[[package]]
name = "rockcraft-audio"
version = "0.1.0"
dependencies = [
 "rockcraft-core",
]

[[package]]
name = "rockcraft-core"
version = "0.1.0"

[[package]]
name = "rockcraft-midi"
version = "0.1.0"
dependencies = [
 "rockcraft-core",
]

[[package]]
name = "rockcraft-tui"
version = "0.1.0"
dependencies = [
 "rockcraft-audio",
 "rockcraft-core",
 "rockcraft-midi",
]
